
Microsoft Visual Studio Solution File, Format Version 12.00
# Visual Studio 15
VisualStudioVersion = 15.0.26730.15
MinimumVisualStudioVersion = 10.0.40219.1
Project("{FAE04EC0-301F-11D3-BF4B-00C04F79EFBC}") = "SubsetCellAutomaton", "SubsetCellAutomaton\SubsetCellAutomaton.csproj", "{96A6824A-9492-43B2-9561-F65D8FD1E064}"
EndProject
Global
	GlobalSection(SolutionConfigurationPlatforms) = preSolution
		Debug|Any CPU = Debug|Any CPU
		Release|Any CPU = Release|Any CPU
	EndGlobalSection
	GlobalSection(ProjectConfigurationPlatforms) = postSolution
		{96A6824A-9492-43B2-9561-F65D8FD1E064}.Debug|Any CPU.ActiveCfg = Debug|Any CPU
		{96A6824A-9492-43B2-9561-F65D8FD1E064}.Debug|Any CPU.Build.0 = Debug|Any CPU
		{96A6824A-9492-43B2-9561-F65D8FD1E064}.Release|Any CPU.ActiveCfg = Release|Any CPU
		{96A6824A-9492-43B2-9561-F65D8FD1E064}.Release|Any CPU.Build.0 = Release|Any CPU
	EndGlobalSection
	GlobalSection(SolutionProperties) = preSolution
		HideSolutionNode = FALSE
	EndGlobalSection
	GlobalSection(ExtensibilityGlobals) = postSolution
		SolutionGuid = {A84E9A65-6DCA-4B1B-A0A1-87CCF4FCAF8F}
	EndGlobalSection
EndGlobal
